{
  "name": "project",
  "version": "1.0.0",
  "lockfileVersion": 1,
  "requires": true,
  "dependencies": {
    "ess": {
      "version": "1.0.2",
      "resolved": "https://registry.npmjs.org/ess/-/ess-1.0.2.tgz",
      "integrity": "sha512-7yOEeIXFF9832pr3ahxi5m31Ys5mwCI64Atc8L6oBSBaV1EnOxcmbvZgLKmadbZYSprS2QpszNWIE1DNtp1R9g=="
    }
  }
}
